// !$*UTF8*$!
{
	archiveVersion = 1;
	classes = {
	};
	objectVersion = 50;
	objects = {

/* Begin PBXBuildFile section */
		ED1170AE2240AACC00E3CE8E /* SweetAlert.swift in Sources */ = {isa = PBXBuildFile; fileRef = ED1170AD2240AACC00E3CE8E /* SweetAlert.swift */; };
		ED32EDD1222438C200A183C3 /* FlatStepper.swift in Sources */ = {isa = PBXBuildFile; fileRef = ED32EDD0222438C200A183C3 /* FlatStepper.swift */; };
		ED3C187D222F2D5900D5D00D /* HoverView.swift in Sources */ = {isa = PBXBuildFile; fileRef = ED3C187C222F2D5900D5D00D /* HoverView.swift */; };
		ED3C77B42233843F00357FB2 /* Lato-Medium.ttf in Resources */ = {isa = PBXBuildFile; fileRef = ED3C77B32233843F00357FB2 /* Lato-Medium.ttf */; };
		ED3D38FC21F18F5700C68323 /* AppDelegate.swift in Sources */ = {isa = PBXBuildFile; fileRef = ED3D38FB21F18F5700C68323 /* AppDelegate.swift */; };
		ED3D38FE21F18F5700C68323 /* ViewController.swift in Sources */ = {isa = PBXBuildFile; fileRef = ED3D38FD21F18F5700C68323 /* ViewController.swift */; };
		ED3D390121F18F5700C68323 /* Main.storyboard in Resources */ = {isa = PBXBuildFile; fileRef = ED3D38FF21F18F5700C68323 /* Main.storyboard */; };
		ED3D390321F18F5800C68323 /* Assets.xcassets in Resources */ = {isa = PBXBuildFile; fileRef = ED3D390221F18F5800C68323 /* Assets.xcassets */; };
		ED3D390621F18F5800C68323 /* LaunchScreen.storyboard in Resources */ = {isa = PBXBuildFile; fileRef = ED3D390421F18F5800C68323 /* LaunchScreen.storyboard */; };
		ED3D391121F18F5900C68323 /* Tippin_Tests.swift in Sources */ = {isa = PBXBuildFile; fileRef = ED3D391021F18F5900C68323 /* Tippin_Tests.swift */; };
		ED3D391C21F18F5900C68323 /* Tippin_UITests.swift in Sources */ = {isa = PBXBuildFile; fileRef = ED3D391B21F18F5900C68323 /* Tippin_UITests.swift */; };
		ED3D392B21F196D100C68323 /* Lato-Light.ttf in Resources */ = {isa = PBXBuildFile; fileRef = ED3D392A21F196C600C68323 /* Lato-Light.ttf */; };
		ED3D393021F265EC00C68323 /* Slider.swift in Sources */ = {isa = PBXBuildFile; fileRef = ED3D392F21F265EC00C68323 /* Slider.swift */; };
		ED3D393521F421E100C68323 /* AboutTableViewController.swift in Sources */ = {isa = PBXBuildFile; fileRef = ED3D393421F421E100C68323 /* AboutTableViewController.swift */; };
		ED3D393821F424F900C68323 /* UIColors.swift in Sources */ = {isa = PBXBuildFile; fileRef = ED3D393721F424F900C68323 /* UIColors.swift */; };
		ED3D395821F5418900C68323 /* Lato-Semibold.ttf in Resources */ = {isa = PBXBuildFile; fileRef = ED3D395721F5418800C68323 /* Lato-Semibold.ttf */; };
		ED63EDC92518507D0057EDD2 /* NEFSegmentControl.swift in Sources */ = {isa = PBXBuildFile; fileRef = ED63EDC82518507D0057EDD2 /* NEFSegmentControl.swift */; };
		ED63EDCC25187C5F0057EDD2 /* UILabels+Extensions.swift in Sources */ = {isa = PBXBuildFile; fileRef = ED63EDCB25187C5F0057EDD2 /* UILabels+Extensions.swift */; };
		ED9DF1CF29BAC197000ACA35 /* TipieMainViewController.swift in Sources */ = {isa = PBXBuildFile; fileRef = ED9DF1CE29BAC197000ACA35 /* TipieMainViewController.swift */; };
		EDE2855F21F6D5870051EDEA /* OverlayView.swift in Sources */ = {isa = PBXBuildFile; fileRef = EDE2855E21F6D5870051EDEA /* OverlayView.swift */; };
/* End PBXBuildFile section */

/* Begin PBXContainerItemProxy section */
		ED3D390D21F18F5900C68323 /* PBXContainerItemProxy */ = {
			isa = PBXContainerItemProxy;
			containerPortal = ED3D38F021F18F5700C68323 /* Project object */;
			proxyType = 1;
			remoteGlobalIDString = ED3D38F721F18F5700C68323;
			remoteInfo = "Tippin'";
		};
		ED3D391821F18F5900C68323 /* PBXContainerItemProxy */ = {
			isa = PBXContainerItemProxy;
			containerPortal = ED3D38F021F18F5700C68323 /* Project object */;
			proxyType = 1;
			remoteGlobalIDString = ED3D38F721F18F5700C68323;
			remoteInfo = "Tippin'";
		};
/* End PBXContainerItemProxy section */

/* Begin PBXFileReference section */
		ED1170AD2240AACC00E3CE8E /* SweetAlert.swift */ = {isa = PBXFileReference; fileEncoding = 4; lastKnownFileType = sourcecode.swift; path = SweetAlert.swift; sourceTree = "<group>"; };
		ED32EDD0222438C200A183C3 /* FlatStepper.swift */ = {isa = PBXFileReference; lastKnownFileType = sourcecode.swift; path = FlatStepper.swift; sourceTree = "<group>"; };
		ED3C187C222F2D5900D5D00D /* HoverView.swift */ = {isa = PBXFileReference; lastKnownFileType = sourcecode.swift; path = HoverView.swift; sourceTree = "<group>"; };
		ED3C77B32233843F00357FB2 /* Lato-Medium.ttf */ = {isa = PBXFileReference; lastKnownFileType = file; path = "Lato-Medium.ttf"; sourceTree = "<group>"; };
		ED3D38F821F18F5700C68323 /* Tipie.app */ = {isa = PBXFileReference; explicitFileType = wrapper.application; includeInIndex = 0; path = Tipie.app; sourceTree = BUILT_PRODUCTS_DIR; };
		ED3D38FB21F18F5700C68323 /* AppDelegate.swift */ = {isa = PBXFileReference; lastKnownFileType = sourcecode.swift; path = AppDelegate.swift; sourceTree = "<group>"; };
		ED3D38FD21F18F5700C68323 /* ViewController.swift */ = {isa = PBXFileReference; lastKnownFileType = sourcecode.swift; path = ViewController.swift; sourceTree = "<group>"; };
		ED3D390021F18F5700C68323 /* Base */ = {isa = PBXFileReference; lastKnownFileType = file.storyboard; name = Base; path = Base.lproj/Main.storyboard; sourceTree = "<group>"; };
		ED3D390221F18F5800C68323 /* Assets.xcassets */ = {isa = PBXFileReference; lastKnownFileType = folder.assetcatalog; path = Assets.xcassets; sourceTree = "<group>"; };
		ED3D390521F18F5800C68323 /* Base */ = {isa = PBXFileReference; lastKnownFileType = file.storyboard; name = Base; path = Base.lproj/LaunchScreen.storyboard; sourceTree = "<group>"; };
		ED3D390721F18F5800C68323 /* Info.plist */ = {isa = PBXFileReference; lastKnownFileType = text.plist.xml; path = Info.plist; sourceTree = "<group>"; };
		ED3D390C21F18F5900C68323 /* TipieTests.xctest */ = {isa = PBXFileReference; explicitFileType = wrapper.cfbundle; includeInIndex = 0; path = TipieTests.xctest; sourceTree = BUILT_PRODUCTS_DIR; };
		ED3D391021F18F5900C68323 /* Tippin_Tests.swift */ = {isa = PBXFileReference; lastKnownFileType = sourcecode.swift; path = Tippin_Tests.swift; sourceTree = "<group>"; };
		ED3D391221F18F5900C68323 /* Info.plist */ = {isa = PBXFileReference; lastKnownFileType = text.plist.xml; path = Info.plist; sourceTree = "<group>"; };
		ED3D391721F18F5900C68323 /* TipieUITests.xctest */ = {isa = PBXFileReference; explicitFileType = wrapper.cfbundle; includeInIndex = 0; path = TipieUITests.xctest; sourceTree = BUILT_PRODUCTS_DIR; };
		ED3D391B21F18F5900C68323 /* Tippin_UITests.swift */ = {isa = PBXFileReference; lastKnownFileType = sourcecode.swift; path = Tippin_UITests.swift; sourceTree = "<group>"; };
		ED3D391D21F18F5900C68323 /* Info.plist */ = {isa = PBXFileReference; lastKnownFileType = text.plist.xml; path = Info.plist; sourceTree = "<group>"; };
		ED3D392A21F196C600C68323 /* Lato-Light.ttf */ = {isa = PBXFileReference; lastKnownFileType = file; path = "Lato-Light.ttf"; sourceTree = "<group>"; };
		ED3D392F21F265EC00C68323 /* Slider.swift */ = {isa = PBXFileReference; lastKnownFileType = sourcecode.swift; path = Slider.swift; sourceTree = "<group>"; };
		ED3D393421F421E100C68323 /* AboutTableViewController.swift */ = {isa = PBXFileReference; lastKnownFileType = sourcecode.swift; path = AboutTableViewController.swift; sourceTree = "<group>"; };
		ED3D393721F424F900C68323 /* UIColors.swift */ = {isa = PBXFileReference; lastKnownFileType = sourcecode.swift; path = UIColors.swift; sourceTree = "<group>"; };
		ED3D395721F5418800C68323 /* Lato-Semibold.ttf */ = {isa = PBXFileReference; lastKnownFileType = file; path = "Lato-Semibold.ttf"; sourceTree = "<group>"; };
		ED63EDC82518507D0057EDD2 /* NEFSegmentControl.swift */ = {isa = PBXFileReference; lastKnownFileType = sourcecode.swift; path = NEFSegmentControl.swift; sourceTree = "<group>"; };
		ED63EDCB25187C5F0057EDD2 /* UILabels+Extensions.swift */ = {isa = PBXFileReference; lastKnownFileType = sourcecode.swift; path = "UILabels+Extensions.swift"; sourceTree = "<group>"; };
		ED9DF1CE29BAC197000ACA35 /* TipieMainViewController.swift */ = {isa = PBXFileReference; lastKnownFileType = sourcecode.swift; path = TipieMainViewController.swift; sourceTree = "<group>"; };
		EDE2855E21F6D5870051EDEA /* OverlayView.swift */ = {isa = PBXFileReference; lastKnownFileType = sourcecode.swift; path = OverlayView.swift; sourceTree = "<group>"; };
/* End PBXFileReference section */

/* Begin PBXFrameworksBuildPhase section */
		ED3D38F521F18F5700C68323 /* Frameworks */ = {
			isa = PBXFrameworksBuildPhase;
			buildActionMask = 2147483647;
			files = (
			);
			runOnlyForDeploymentPostprocessing = 0;
		};
		ED3D390921F18F5900C68323 /* Frameworks */ = {
			isa = PBXFrameworksBuildPhase;
			buildActionMask = 2147483647;
			files = (
			);
			runOnlyForDeploymentPostprocessing = 0;
		};
		ED3D391421F18F5900C68323 /* Frameworks */ = {
			isa = PBXFrameworksBuildPhase;
			buildActionMask = 2147483647;
			files = (
			);
			runOnlyForDeploymentPostprocessing = 0;
		};
/* End PBXFrameworksBuildPhase section */

/* Begin PBXGroup section */
		ED3D38EF21F18F5700C68323 = {
			isa = PBXGroup;
			children = (
				ED3D38FA21F18F5700C68323 /* Tipie */,
				ED3D390F21F18F5900C68323 /* Tippin'Tests */,
				ED3D391A21F18F5900C68323 /* Tippin'UITests */,
				ED3D38F921F18F5700C68323 /* Products */,
			);
			sourceTree = "<group>";
		};
		ED3D38F921F18F5700C68323 /* Products */ = {
			isa = PBXGroup;
			children = (
				ED3D38F821F18F5700C68323 /* Tipie.app */,
				ED3D390C21F18F5900C68323 /* TipieTests.xctest */,
				ED3D391721F18F5900C68323 /* TipieUITests.xctest */,
			);
			name = Products;
			sourceTree = "<group>";
		};
		ED3D38FA21F18F5700C68323 /* Tipie */ = {
			isa = PBXGroup;
			children = (
				ED3D38FB21F18F5700C68323 /* AppDelegate.swift */,
				ED3D38FD21F18F5700C68323 /* ViewController.swift */,
				ED3C187C222F2D5900D5D00D /* HoverView.swift */,
				ED9DF1CD29BAC171000ACA35 /* Interface */,
				ED63EDC52517F03C0057EDD2 /* Controls */,
				ED513B1F221E19B700B452AA /* Helper Views */,
				ED3D393121F4190100C68323 /* Controllers */,
				ED3D392E21F265D300C68323 /* Slider */,
				ED3D393621F424D800C68323 /* Helpers */,
				ED3D38FF21F18F5700C68323 /* Main.storyboard */,
				ED3D390221F18F5800C68323 /* Assets.xcassets */,
				ED3D390421F18F5800C68323 /* LaunchScreen.storyboard */,
				ED3D390721F18F5800C68323 /* Info.plist */,
				ED63EDC72517F0D50057EDD2 /* Resources */,
			);
			path = Tipie;
			sourceTree = "<group>";
		};
		ED3D390F21F18F5900C68323 /* Tippin'Tests */ = {
			isa = PBXGroup;
			children = (
				ED3D391021F18F5900C68323 /* Tippin_Tests.swift */,
				ED3D391221F18F5900C68323 /* Info.plist */,
			);
			path = "Tippin'Tests";
			sourceTree = "<group>";
		};
		ED3D391A21F18F5900C68323 /* Tippin'UITests */ = {
			isa = PBXGroup;
			children = (
				ED3D391B21F18F5900C68323 /* Tippin_UITests.swift */,
				ED3D391D21F18F5900C68323 /* Info.plist */,
			);
			path = "Tippin'UITests";
			sourceTree = "<group>";
		};
		ED3D392921F196B600C68323 /* Fonts */ = {
			isa = PBXGroup;
			children = (
				ED3D395721F5418800C68323 /* Lato-Semibold.ttf */,
				ED3D392A21F196C600C68323 /* Lato-Light.ttf */,
				ED3C77B32233843F00357FB2 /* Lato-Medium.ttf */,
			);
			path = Fonts;
			sourceTree = "<group>";
		};
		ED3D392E21F265D300C68323 /* Slider */ = {
			isa = PBXGroup;
			children = (
				ED3D392F21F265EC00C68323 /* Slider.swift */,
				EDE2855E21F6D5870051EDEA /* OverlayView.swift */,
			);
			path = Slider;
			sourceTree = "<group>";
		};
		ED3D393121F4190100C68323 /* Controllers */ = {
			isa = PBXGroup;
			children = (
				ED3D393421F421E100C68323 /* AboutTableViewController.swift */,
			);
			path = Controllers;
			sourceTree = "<group>";
		};
		ED3D393621F424D800C68323 /* Helpers */ = {
			isa = PBXGroup;
			children = (
				ED1170AD2240AACC00E3CE8E /* SweetAlert.swift */,
				ED3D393721F424F900C68323 /* UIColors.swift */,
				ED63EDCA25187C460057EDD2 /* Extensions */,
			);
			path = Helpers;
			sourceTree = "<group>";
		};
		ED513B1F221E19B700B452AA /* Helper Views */ = {
			isa = PBXGroup;
			children = (
				ED32EDD0222438C200A183C3 /* FlatStepper.swift */,
			);
			path = "Helper Views";
			sourceTree = "<group>";
		};
		ED63EDC52517F03C0057EDD2 /* Controls */ = {
			isa = PBXGroup;
			children = (
				ED63EDC62517F0470057EDD2 /* Segment */,
			);
			path = Controls;
			sourceTree = "<group>";
		};
		ED63EDC62517F0470057EDD2 /* Segment */ = {
			isa = PBXGroup;
			children = (
				ED63EDC82518507D0057EDD2 /* NEFSegmentControl.swift */,
			);
			path = Segment;
			sourceTree = "<group>";
		};
		ED63EDC72517F0D50057EDD2 /* Resources */ = {
			isa = PBXGroup;
			children = (
				ED3D392921F196B600C68323 /* Fonts */,
			);
			path = Resources;
			sourceTree = "<group>";
		};
		ED63EDCA25187C460057EDD2 /* Extensions */ = {
			isa = PBXGroup;
			children = (
				ED63EDCB25187C5F0057EDD2 /* UILabels+Extensions.swift */,
			);
			path = Extensions;
			sourceTree = "<group>";
		};
		ED9DF1CD29BAC171000ACA35 /* Interface */ = {
			isa = PBXGroup;
			children = (
				ED9DF1CE29BAC197000ACA35 /* TipieMainViewController.swift */,
			);
			path = Interface;
			sourceTree = "<group>";
		};
/* End PBXGroup section */

/* Begin PBXNativeTarget section */
		ED3D38F721F18F5700C68323 /* Tipie */ = {
			isa = PBXNativeTarget;
			buildConfigurationList = ED3D392021F18F5900C68323 /* Build configuration list for PBXNativeTarget "Tipie" */;
			buildPhases = (
				ED3D38F421F18F5700C68323 /* Sources */,
				ED3D38F521F18F5700C68323 /* Frameworks */,
				ED3D38F621F18F5700C68323 /* Resources */,
			);
			buildRules = (
			);
			dependencies = (
			);
			name = Tipie;
			productName = "Tippin'";
			productReference = ED3D38F821F18F5700C68323 /* Tipie.app */;
			productType = "com.apple.product-type.application";
		};
		ED3D390B21F18F5900C68323 /* TipieTests */ = {
			isa = PBXNativeTarget;
			buildConfigurationList = ED3D392321F18F5900C68323 /* Build configuration list for PBXNativeTarget "TipieTests" */;
			buildPhases = (
				ED3D390821F18F5900C68323 /* Sources */,
				ED3D390921F18F5900C68323 /* Frameworks */,
				ED3D390A21F18F5900C68323 /* Resources */,
			);
			buildRules = (
			);
			dependencies = (
				ED3D390E21F18F5900C68323 /* PBXTargetDependency */,
			);
			name = TipieTests;
			productName = "Tippin'Tests";
			productReference = ED3D390C21F18F5900C68323 /* TipieTests.xctest */;
			productType = "com.apple.product-type.bundle.unit-test";
		};
		ED3D391621F18F5900C68323 /* TipieUITests */ = {
			isa = PBXNativeTarget;
			buildConfigurationList = ED3D392621F18F5900C68323 /* Build configuration list for PBXNativeTarget "TipieUITests" */;
			buildPhases = (
				ED3D391321F18F5900C68323 /* Sources */,
				ED3D391421F18F5900C68323 /* Frameworks */,
				ED3D391521F18F5900C68323 /* Resources */,
			);
			buildRules = (
			);
			dependencies = (
				ED3D391921F18F5900C68323 /* PBXTargetDependency */,
			);
			name = TipieUITests;
			productName = "Tippin'UITests";
			productReference = ED3D391721F18F5900C68323 /* TipieUITests.xctest */;
			productType = "com.apple.product-type.bundle.ui-testing";
		};
/* End PBXNativeTarget section */

/* Begin PBXProject section */
		ED3D38F021F18F5700C68323 /* Project object */ = {
			isa = PBXProject;
			attributes = {
				LastSwiftUpdateCheck = 1010;
				LastUpgradeCheck = 1010;
				ORGANIZATIONNAME = "Neftali Samarey";
				TargetAttributes = {
					ED3D38F721F18F5700C68323 = {
						CreatedOnToolsVersion = 10.1;
					};
					ED3D390B21F18F5900C68323 = {
						CreatedOnToolsVersion = 10.1;
						TestTargetID = ED3D38F721F18F5700C68323;
					};
					ED3D391621F18F5900C68323 = {
						CreatedOnToolsVersion = 10.1;
						TestTargetID = ED3D38F721F18F5700C68323;
					};
				};
			};
			buildConfigurationList = ED3D38F321F18F5700C68323 /* Build configuration list for PBXProject "Tipie" */;
			compatibilityVersion = "Xcode 9.3";
			developmentRegion = en;
			hasScannedForEncodings = 0;
			knownRegions = (
				en,
				Base,
			);
			mainGroup = ED3D38EF21F18F5700C68323;
			productRefGroup = ED3D38F921F18F5700C68323 /* Products */;
			projectDirPath = "";
			projectRoot = "";
			targets = (
				ED3D38F721F18F5700C68323 /* Tipie */,
				ED3D390B21F18F5900C68323 /* TipieTests */,
				ED3D391621F18F5900C68323 /* TipieUITests */,
			);
		};
/* End PBXProject section */

/* Begin PBXResourcesBuildPhase section */
		ED3D38F621F18F5700C68323 /* Resources */ = {
			isa = PBXResourcesBuildPhase;
			buildActionMask = 2147483647;
			files = (
				ED3D395821F5418900C68323 /* Lato-Semibold.ttf in Resources */,
				ED3C77B42233843F00357FB2 /* Lato-Medium.ttf in Resources */,
				ED3D392B21F196D100C68323 /* Lato-Light.ttf in Resources */,
				ED3D390621F18F5800C68323 /* LaunchScreen.storyboard in Resources */,
				ED3D390321F18F5800C68323 /* Assets.xcassets in Resources */,
				ED3D390121F18F5700C68323 /* Main.storyboard in Resources */,
			);
			runOnlyForDeploymentPostprocessing = 0;
		};
		ED3D390A21F18F5900C68323 /* Resources */ = {
			isa = PBXResourcesBuildPhase;
			buildActionMask = 2147483647;
			files = (
			);
			runOnlyForDeploymentPostprocessing = 0;
		};
		ED3D391521F18F5900C68323 /* Resources */ = {
			isa = PBXResourcesBuildPhase;
			buildActionMask = 2147483647;
			files = (
			);
			runOnlyForDeploymentPostprocessing = 0;
		};
/* End PBXResourcesBuildPhase section */

/* Begin PBXSourcesBuildPhase section */
		ED3D38F421F18F5700C68323 /* Sources */ = {
			isa = PBXSourcesBuildPhase;
			buildActionMask = 2147483647;
			files = (
				ED3C187D222F2D5900D5D00D /* HoverView.swift in Sources */,
				ED1170AE2240AACC00E3CE8E /* SweetAlert.swift in Sources */,
				ED3D38FE21F18F5700C68323 /* ViewController.swift in Sources */,
				EDE2855F21F6D5870051EDEA /* OverlayView.swift in Sources */,
				ED32EDD1222438C200A183C3 /* FlatStepper.swift in Sources */,
				ED63EDCC25187C5F0057EDD2 /* UILabels+Extensions.swift in Sources */,
				ED3D393021F265EC00C68323 /* Slider.swift in Sources */,
				ED3D38FC21F18F5700C68323 /* AppDelegate.swift in Sources */,
				ED63EDC92518507D0057EDD2 /* NEFSegmentControl.swift in Sources */,
				ED3D393521F421E100C68323 /* AboutTableViewController.swift in Sources */,
				ED3D393821F424F900C68323 /* UIColors.swift in Sources */,
				ED9DF1CF29BAC197000ACA35 /* TipieMainViewController.swift in Sources */,
			);
			runOnlyForDeploymentPostprocessing = 0;
		};
		ED3D390821F18F5900C68323 /* Sources */ = {
			isa = PBXSourcesBuildPhase;
			buildActionMask = 2147483647;
			files = (
				ED3D391121F18F5900C68323 /* Tippin_Tests.swift in Sources */,
			);
			runOnlyForDeploymentPostprocessing = 0;
		};
		ED3D391321F18F5900C68323 /* Sources */ = {
			isa = PBXSourcesBuildPhase;
			buildActionMask = 2147483647;
			files = (
				ED3D391C21F18F5900C68323 /* Tippin_UITests.swift in Sources */,
			);
			runOnlyForDeploymentPostprocessing = 0;
		};
/* End PBXSourcesBuildPhase section */

/* Begin PBXTargetDependency section */
		ED3D390E21F18F5900C68323 /* PBXTargetDependency */ = {
			isa = PBXTargetDependency;
			target = ED3D38F721F18F5700C68323 /* Tipie */;
			targetProxy = ED3D390D21F18F5900C68323 /* PBXContainerItemProxy */;
		};
		ED3D391921F18F5900C68323 /* PBXTargetDependency */ = {
			isa = PBXTargetDependency;
			target = ED3D38F721F18F5700C68323 /* Tipie */;
			targetProxy = ED3D391821F18F5900C68323 /* PBXContainerItemProxy */;
		};
/* End PBXTargetDependency section */

/* Begin PBXVariantGroup section */
		ED3D38FF21F18F5700C68323 /* Main.storyboard */ = {
			isa = PBXVariantGroup;
			children = (
				ED3D390021F18F5700C68323 /* Base */,
			);
			name = Main.storyboard;
			sourceTree = "<group>";
		};
		ED3D390421F18F5800C68323 /* LaunchScreen.storyboard */ = {
			isa = PBXVariantGroup;
			children = (
				ED3D390521F18F5800C68323 /* Base */,
			);
			name = LaunchScreen.storyboard;
			sourceTree = "<group>";
		};
/* End PBXVariantGroup section */

/* Begin XCBuildConfiguration section */
		ED3D391E21F18F5900C68323 /* Debug */ = {
			isa = XCBuildConfiguration;
			buildSettings = {
				ALWAYS_SEARCH_USER_PATHS = NO;
				CLANG_ANALYZER_NONNULL = YES;
				CLANG_ANALYZER_NUMBER_OBJECT_CONVERSION = YES_AGGRESSIVE;
				CLANG_CXX_LANGUAGE_STANDARD = "gnu++14";
				CLANG_CXX_LIBRARY = "libc++";
				CLANG_ENABLE_MODULES = YES;
				CLANG_ENABLE_OBJC_ARC = YES;
				CLANG_ENABLE_OBJC_WEAK = YES;
				CLANG_WARN_BLOCK_CAPTURE_AUTORELEASING = YES;
				CLANG_WARN_BOOL_CONVERSION = YES;
				CLANG_WARN_COMMA = YES;
				CLANG_WARN_CONSTANT_CONVERSION = YES;
				CLANG_WARN_DEPRECATED_OBJC_IMPLEMENTATIONS = YES;
				CLANG_WARN_DIRECT_OBJC_ISA_USAGE = YES_ERROR;
				CLANG_WARN_DOCUMENTATION_COMMENTS = YES;
				CLANG_WARN_EMPTY_BODY = YES;
				CLANG_WARN_ENUM_CONVERSION = YES;
				CLANG_WARN_INFINITE_RECURSION = YES;
				CLANG_WARN_INT_CONVERSION = YES;
				CLANG_WARN_NON_LITERAL_NULL_CONVERSION = YES;
				CLANG_WARN_OBJC_IMPLICIT_RETAIN_SELF = YES;
				CLANG_WARN_OBJC_LITERAL_CONVERSION = YES;
				CLANG_WARN_OBJC_ROOT_CLASS = YES_ERROR;
				CLANG_WARN_RANGE_LOOP_ANALYSIS = YES;
				CLANG_WARN_STRICT_PROTOTYPES = YES;
				CLANG_WARN_SUSPICIOUS_MOVE = YES;
				CLANG_WARN_UNGUARDED_AVAILABILITY = YES_AGGRESSIVE;
				CLANG_WARN_UNREACHABLE_CODE = YES;
				CLANG_WARN__DUPLICATE_METHOD_MATCH = YES;
				CODE_SIGN_IDENTITY = "iPhone Developer";
				COPY_PHASE_STRIP = NO;
				DEBUG_INFORMATION_FORMAT = dwarf;
				ENABLE_STRICT_OBJC_MSGSEND = YES;
				ENABLE_TESTABILITY = YES;
				GCC_C_LANGUAGE_STANDARD = gnu11;
				GCC_DYNAMIC_NO_PIC = NO;
				GCC_NO_COMMON_BLOCKS = YES;
				GCC_OPTIMIZATION_LEVEL = 0;
				GCC_PREPROCESSOR_DEFINITIONS = (
					"DEBUG=1",
					"$(inherited)",
				);
				GCC_WARN_64_TO_32_BIT_CONVERSION = YES;
				GCC_WARN_ABOUT_RETURN_TYPE = YES_ERROR;
				GCC_WARN_UNDECLARED_SELECTOR = YES;
				GCC_WARN_UNINITIALIZED_AUTOS = YES_AGGRESSIVE;
				GCC_WARN_UNUSED_FUNCTION = YES;
				GCC_WARN_UNUSED_VARIABLE = YES;
				IPHONEOS_DEPLOYMENT_TARGET = 13.0;
				MTL_ENABLE_DEBUG_INFO = INCLUDE_SOURCE;
				MTL_FAST_MATH = YES;
				ONLY_ACTIVE_ARCH = YES;
				SDKROOT = iphoneos;
				SWIFT_ACTIVE_COMPILATION_CONDITIONS = DEBUG;
				SWIFT_OPTIMIZATION_LEVEL = "-Onone";
			};
			name = Debug;
		};
		ED3D391F21F18F5900C68323 /* Release */ = {
			isa = XCBuildConfiguration;
			buildSettings = {
				ALWAYS_SEARCH_USER_PATHS = NO;
				CLANG_ANALYZER_NONNULL = YES;
				CLANG_ANALYZER_NUMBER_OBJECT_CONVERSION = YES_AGGRESSIVE;
				CLANG_CXX_LANGUAGE_STANDARD = "gnu++14";
				CLANG_CXX_LIBRARY = "libc++";
				CLANG_ENABLE_MODULES = YES;
				CLANG_ENABLE_OBJC_ARC = YES;
				CLANG_ENABLE_OBJC_WEAK = YES;
				CLANG_WARN_BLOCK_CAPTURE_AUTORELEASING = YES;
				CLANG_WARN_BOOL_CONVERSION = YES;
				CLANG_WARN_COMMA = YES;
				CLANG_WARN_CONSTANT_CONVERSION = YES;
				CLANG_WARN_DEPRECATED_OBJC_IMPLEMENTATIONS = YES;
				CLANG_WARN_DIRECT_OBJC_ISA_USAGE = YES_ERROR;
				CLANG_WARN_DOCUMENTATION_COMMENTS = YES;
				CLANG_WARN_EMPTY_BODY = YES;
				CLANG_WARN_ENUM_CONVERSION = YES;
				CLANG_WARN_INFINITE_RECURSION = YES;
				CLANG_WARN_INT_CONVERSION = YES;
				CLANG_WARN_NON_LITERAL_NULL_CONVERSION = YES;
				CLANG_WARN_OBJC_IMPLICIT_RETAIN_SELF = YES;
				CLANG_WARN_OBJC_LITERAL_CONVERSION = YES;
				CLANG_WARN_OBJC_ROOT_CLASS = YES_ERROR;
				CLANG_WARN_RANGE_LOOP_ANALYSIS = YES;
				CLANG_WARN_STRICT_PROTOTYPES = YES;
				CLANG_WARN_SUSPICIOUS_MOVE = YES;
				CLANG_WARN_UNGUARDED_AVAILABILITY = YES_AGGRESSIVE;
				CLANG_WARN_UNREACHABLE_CODE = YES;
				CLANG_WARN__DUPLICATE_METHOD_MATCH = YES;
				CODE_SIGN_IDENTITY = "iPhone Developer";
				COPY_PHASE_STRIP = NO;
				DEBUG_INFORMATION_FORMAT = "dwarf-with-dsym";
				ENABLE_NS_ASSERTIONS = NO;
				ENABLE_STRICT_OBJC_MSGSEND = YES;
				GCC_C_LANGUAGE_STANDARD = gnu11;
				GCC_NO_COMMON_BLOCKS = YES;
				GCC_WARN_64_TO_32_BIT_CONVERSION = YES;
				GCC_WARN_ABOUT_RETURN_TYPE = YES_ERROR;
				GCC_WARN_UNDECLARED_SELECTOR = YES;
				GCC_WARN_UNINITIALIZED_AUTOS = YES_AGGRESSIVE;
				GCC_WARN_UNUSED_FUNCTION = YES;
				GCC_WARN_UNUSED_VARIABLE = YES;
				IPHONEOS_DEPLOYMENT_TARGET = 13.0;
				MTL_ENABLE_DEBUG_INFO = NO;
				MTL_FAST_MATH = YES;
				SDKROOT = iphoneos;
				SWIFT_COMPILATION_MODE = wholemodule;
				SWIFT_OPTIMIZATION_LEVEL = "-O";
				VALIDATE_PRODUCT = YES;
			};
			name = Release;
		};
		ED3D392121F18F5900C68323 /* Debug */ = {
			isa = XCBuildConfiguration;
			buildSettings = {
				ASSETCATALOG_COMPILER_APPICON_NAME = AppIcon;
				CODE_SIGN_STYLE = Automatic;
				CURRENT_PROJECT_VERSION = 1.5;
				DEVELOPMENT_TEAM = X752JDEFHP;
				INFOPLIST_FILE = Tipie/Info.plist;
				INFOPLIST_KEY_LSApplicationCategoryType = "public.app-category.finance";
				IPHONEOS_DEPLOYMENT_TARGET = 14.0;
				LD_RUNPATH_SEARCH_PATHS = (
					"$(inherited)",
					"@executable_path/Frameworks",
				);
				MARKETING_VERSION = 2.0;
				PRODUCT_BUNDLE_IDENTIFIER = com.samarey.tipie;
				PRODUCT_NAME = "$(TARGET_NAME)";
				SWIFT_VERSION = 5.0;
				TARGETED_DEVICE_FAMILY = 1;
			};
			name = Debug;
		};
		ED3D392221F18F5900C68323 /* Release */ = {
			isa = XCBuildConfiguration;
			buildSettings = {
				ASSETCATALOG_COMPILER_APPICON_NAME = AppIcon;
				CODE_SIGN_STYLE = Automatic;
				CURRENT_PROJECT_VERSION = 1.5;
				DEVELOPMENT_TEAM = X752JDEFHP;
				INFOPLIST_FILE = Tipie/Info.plist;
				INFOPLIST_KEY_LSApplicationCategoryType = "public.app-category.finance";
				IPHONEOS_DEPLOYMENT_TARGET = 14.0;
				LD_RUNPATH_SEARCH_PATHS = (
					"$(inherited)",
					"@executable_path/Frameworks",
				);
				MARKETING_VERSION = 2.0;
				PRODUCT_BUNDLE_IDENTIFIER = com.samarey.tipie;
				PRODUCT_NAME = "$(TARGET_NAME)";
				SWIFT_VERSION = 5.0;
				TARGETED_DEVICE_FAMILY = 1;
			};
			name = Release;
		};
		ED3D392421F18F5900C68323 /* Debug */ = {
			isa = XCBuildConfiguration;
			buildSettings = {
				ALWAYS_EMBED_SWIFT_STANDARD_LIBRARIES = YES;
				BUNDLE_LOADER = "$(TEST_HOST)";
				CODE_SIGN_STYLE = Automatic;
				DEVELOPMENT_TEAM = X752JDEFHP;
				INFOPLIST_FILE = "Tippin'Tests/Info.plist";
				LD_RUNPATH_SEARCH_PATHS = (
					"$(inherited)",
					"@executable_path/Frameworks",
					"@loader_path/Frameworks",
				);
				PRODUCT_BUNDLE_IDENTIFIER = "ReactorApps.Tippin-Tests";
				PRODUCT_NAME = "$(TARGET_NAME)";
				SWIFT_VERSION = 4.2;
				TARGETED_DEVICE_FAMILY = "1,2";
				TEST_HOST = "$(BUILT_PRODUCTS_DIR)/Tipie.app/Tipie";
			};
			name = Debug;
		};
		ED3D392521F18F5900C68323 /* Release */ = {
			isa = XCBuildConfiguration;
			buildSettings = {
				ALWAYS_EMBED_SWIFT_STANDARD_LIBRARIES = YES;
				BUNDLE_LOADER = "$(TEST_HOST)";
				CODE_SIGN_STYLE = Automatic;
				DEVELOPMENT_TEAM = X752JDEFHP;
				INFOPLIST_FILE = "Tippin'Tests/Info.plist";
				LD_RUNPATH_SEARCH_PATHS = (
					"$(inherited)",
					"@executable_path/Frameworks",
					"@loader_path/Frameworks",
				);
				PRODUCT_BUNDLE_IDENTIFIER = "ReactorApps.Tippin-Tests";
				PRODUCT_NAME = "$(TARGET_NAME)";
				SWIFT_VERSION = 4.2;
				TARGETED_DEVICE_FAMILY = "1,2";
				TEST_HOST = "$(BUILT_PRODUCTS_DIR)/Tipie.app/Tipie";
			};
			name = Release;
		};
		ED3D392721F18F5900C68323 /* Debug */ = {
			isa = XCBuildConfiguration;
			buildSettings = {
				ALWAYS_EMBED_SWIFT_STANDARD_LIBRARIES = YES;
				CODE_SIGN_STYLE = Automatic;
				DEVELOPMENT_TEAM = X752JDEFHP;
				INFOPLIST_FILE = "Tippin'UITests/Info.plist";
				LD_RUNPATH_SEARCH_PATHS = (
					"$(inherited)",
					"@executable_path/Frameworks",
					"@loader_path/Frameworks",
				);
				PRODUCT_BUNDLE_IDENTIFIER = "ReactorApps.Tippin-UITests";
				PRODUCT_NAME = "$(TARGET_NAME)";
				SWIFT_VERSION = 4.2;
				TARGETED_DEVICE_FAMILY = "1,2";
				TEST_TARGET_NAME = "Tippin'";
			};
			name = Debug;
		};
		ED3D392821F18F5900C68323 /* Release */ = {
			isa = XCBuildConfiguration;
			buildSettings = {
				ALWAYS_EMBED_SWIFT_STANDARD_LIBRARIES = YES;
				CODE_SIGN_STYLE = Automatic;
				DEVELOPMENT_TEAM = X752JDEFHP;
				INFOPLIST_FILE = "Tippin'UITests/Info.plist";
				LD_RUNPATH_SEARCH_PATHS = (
					"$(inherited)",
					"@executable_path/Frameworks",
					"@loader_path/Frameworks",
				);
				PRODUCT_BUNDLE_IDENTIFIER = "ReactorApps.Tippin-UITests";
				PRODUCT_NAME = "$(TARGET_NAME)";
				SWIFT_VERSION = 4.2;
				TARGETED_DEVICE_FAMILY = "1,2";
				TEST_TARGET_NAME = "Tippin'";
			};
			name = Release;
		};
/* End XCBuildConfiguration section */

/* Begin XCConfigurationList section */
		ED3D38F321F18F5700C68323 /* Build configuration list for PBXProject "Tipie" */ = {
			isa = XCConfigurationList;
			buildConfigurations = (
				ED3D391E21F18F5900C68323 /* Debug */,
				ED3D391F21F18F5900C68323 /* Release */,
			);
			defaultConfigurationIsVisible = 0;
			defaultConfigurationName = Release;
		};
		ED3D392021F18F5900C68323 /* Build configuration list for PBXNativeTarget "Tipie" */ = {
			isa = XCConfigurationList;
			buildConfigurations = (
				ED3D392121F18F5900C68323 /* Debug */,
				ED3D392221F18F5900C68323 /* Release */,
			);
			defaultConfigurationIsVisible = 0;
			defaultConfigurationName = Release;
		};
		ED3D392321F18F5900C68323 /* Build configuration list for PBXNativeTarget "TipieTests" */ = {
			isa = XCConfigurationList;
			buildConfigurations = (
				ED3D392421F18F5900C68323 /* Debug */,
				ED3D392521F18F5900C68323 /* Release */,
			);
			defaultConfigurationIsVisible = 0;
			defaultConfigurationName = Release;
		};
		ED3D392621F18F5900C68323 /* Build configuration list for PBXNativeTarget "TipieUITests" */ = {
			isa = XCConfigurationList;
			buildConfigurations = (
				ED3D392721F18F5900C68323 /* Debug */,
				ED3D392821F18F5900C68323 /* Release */,
			);
			defaultConfigurationIsVisible = 0;
			defaultConfigurationName = Release;
		};
/* End XCConfigurationList section */
	};
	rootObject = ED3D38F021F18F5700C68323 /* Project object */;
}
